
Microsoft Visual Studio Solution File, Format Version 12.00
# Visual Studio Version 17
VisualStudioVersion = 17.5.33502.453
MinimumVisualStudioVersion = 10.0.40219.1
Project("{FAE04EC0-301F-11D3-BF4B-00C04F79EFBC}") = "DG.OneDrive", "DG.OneDrive\DG.OneDrive.csproj", "{743C2F6E-55DB-493F-8118-133574883236}"
EndProject
Project("{FAE04EC0-301F-11D3-BF4B-00C04F79EFBC}") = "DG.OneDrive.Tests", "DG.OneDrive.Tests\DG.OneDrive.Tests.csproj", "{C5E1781C-C93A-4237-AEE7-E4F146B49533}"
EndProject
Global
	GlobalSection(SolutionConfigurationPlatforms) = preSolution
		Debug|Any CPU = Debug|Any CPU
		Release|Any CPU = Release|Any CPU
	EndGlobalSection
	GlobalSection(ProjectConfigurationPlatforms) = postSolution
		{743C2F6E-55DB-493F-8118-133574883236}.Debug|Any CPU.ActiveCfg = Debug|Any CPU
		{743C2F6E-55DB-493F-8118-133574883236}.Debug|Any CPU.Build.0 = Debug|Any CPU
		{743C2F6E-55DB-493F-8118-133574883236}.Release|Any CPU.ActiveCfg = Release|Any CPU
		{743C2F6E-55DB-493F-8118-133574883236}.Release|Any CPU.Build.0 = Release|Any CPU
		{C5E1781C-C93A-4237-AEE7-E4F146B49533}.Debug|Any CPU.ActiveCfg = Debug|Any CPU
		{C5E1781C-C93A-4237-AEE7-E4F146B49533}.Debug|Any CPU.Build.0 = Debug|Any CPU
		{C5E1781C-C93A-4237-AEE7-E4F146B49533}.Release|Any CPU.ActiveCfg = Release|Any CPU
		{C5E1781C-C93A-4237-AEE7-E4F146B49533}.Release|Any CPU.Build.0 = Release|Any CPU
	EndGlobalSection
	GlobalSection(SolutionProperties) = preSolution
		HideSolutionNode = FALSE
	EndGlobalSection
	GlobalSection(ExtensibilityGlobals) = postSolution
		SolutionGuid = {298969D7-947C-4438-9B96-2617FA745CEE}
	EndGlobalSection
EndGlobal
